# THIS IS AN AUTOGENERATED FILE. DO NOT EDIT THIS FILE DIRECTLY.
# yarn lockfile v1


"@bower_components/angular@angular/bower-angular#~1.6.5":
  version "1.6.8"
  resolved "https://codeload.github.com/angular/bower-angular/tar.gz/f4be53fc72b2eb2c3c3d634aeacfc68673ea5e68"

"@bower_components/clipboard@zenorocha/clipboard.js#^1.6.0":
  version "1.7.1"
  resolved "https://codeload.github.com/zenorocha/clipboard.js/tar.gz/b6e6b80ab07eab03ce0d277515b3ed540773a330"
  dependencies:
    good-listener "^1.2.2"
    select "^1.1.2"
    tiny-emitter "^2.0.0"

"@bower_components/d3@mbostock-bower/d3-bower#~3.5.5":
  version "0.0.0"
  resolved "https://codeload.github.com/mbostock-bower/d3-bower/tar.gz/7a826d211d5067867debf9ce24a9987e0cb02b6e"

"@bower_components/jquery@jquery/jquery-dist#~3.2.1":
  version "3.2.1"
  resolved "https://codeload.github.com/jquery/jquery-dist/tar.gz/77d2a51d0520d2ee44173afdf4e40a9201f5964e"

"@bower_components/nvd3@novus/nvd3#1.8.5":
  version "1.8.5"
  resolved "https://codeload.github.com/novus/nvd3/tar.gz/3fee7f9eec75b9e9234706cca01bf128607a41a6"

delegate@^3.1.2:
  version "3.2.0"
  resolved "https://registry.yarnpkg.com/delegate/-/delegate-3.2.0.tgz#b66b71c3158522e8ab5744f720d8ca0c2af59166"

good-listener@^1.2.2:
  version "1.2.2"
  resolved "https://registry.yarnpkg.com/good-listener/-/good-listener-1.2.2.tgz#d53b30cdf9313dffb7dc9a0d477096aa6d145c50"
  dependencies:
    delegate "^3.1.2"

select@^1.1.2:
  version "1.1.2"
  resolved "https://registry.yarnpkg.com/select/-/select-1.1.2.tgz#0e7350acdec80b1108528786ec1d4418d11b396d"

tiny-emitter@^2.0.0:
  version "2.0.2"
  resolved "https://registry.yarnpkg.com/tiny-emitter/-/tiny-emitter-2.0.2.tgz#82d27468aca5ade8e5fd1e6d22b57dd43ebdfb7c"
